
Microsoft Visual Studio Solution File, Format Version 12.00
# Visual Studio Version 17
VisualStudioVersion = 17.1.32421.90
MinimumVisualStudioVersion = 10.0.40219.1
Project("{9A19103F-16F7-4668-BE54-9A1E7A4F7556}") = "Messenger.Contacts.WebApi", "Messenger.Contacts.WebApi\Messenger.Contacts.WebApi.csproj", "{E9C11D04-36C1-4F07-800B-AA78A300BDE9}"
EndProject
Project("{E53339B2-1760-4266-BCC7-CA923CBCF16C}") = "docker-compose", "docker-compose.dcproj", "{3B1C2B8F-8242-4075-B84F-A0B509397045}"
EndProject
Global
	GlobalSection(SolutionConfigurationPlatforms) = preSolution
		Debug|Any CPU = Debug|Any CPU
		Release|Any CPU = Release|Any CPU
	EndGlobalSection
	GlobalSection(ProjectConfigurationPlatforms) = postSolution
		{E9C11D04-36C1-4F07-800B-AA78A300BDE9}.Debug|Any CPU.ActiveCfg = Debug|Any CPU
		{E9C11D04-36C1-4F07-800B-AA78A300BDE9}.Debug|Any CPU.Build.0 = Debug|Any CPU
		{E9C11D04-36C1-4F07-800B-AA78A300BDE9}.Release|Any CPU.ActiveCfg = Release|Any CPU
		{E9C11D04-36C1-4F07-800B-AA78A300BDE9}.Release|Any CPU.Build.0 = Release|Any CPU
		{3B1C2B8F-8242-4075-B84F-A0B509397045}.Debug|Any CPU.ActiveCfg = Debug|Any CPU
		{3B1C2B8F-8242-4075-B84F-A0B509397045}.Debug|Any CPU.Build.0 = Debug|Any CPU
		{3B1C2B8F-8242-4075-B84F-A0B509397045}.Release|Any CPU.ActiveCfg = Release|Any CPU
		{3B1C2B8F-8242-4075-B84F-A0B509397045}.Release|Any CPU.Build.0 = Release|Any CPU
	EndGlobalSection
	GlobalSection(SolutionProperties) = preSolution
		HideSolutionNode = FALSE
	EndGlobalSection
	GlobalSection(ExtensibilityGlobals) = postSolution
		SolutionGuid = {5E650751-A4FC-4547-8FE4-B155B39D7ECD}
	EndGlobalSection
EndGlobal
